{
  "originHash" : "cf81dd13f94dd1374dccd93cca1943029cdfaf0514992ad27b263b56cb9d7e31",
  "pins" : [
    {
      "identity" : "jetpack-paging-for-swiftui",
      "kind" : "remoteSourceControl",
      "location" : "https://github.com/hhp227/Jetpack-Paging-for-SwiftUI.git",
      "state" : {
        "branch" : "develop",
        "revision" : "4949bf5c178e9902fa0b934eb7bf94fb7c1e59f2"
      }
    }
  ],
  "version" : 3
}
