{
  "originHash" : "cf81dd13f94dd1374dccd93cca1943029cdfaf0514992ad27b263b56cb9d7e31",
  "pins" : [
    {
      "identity" : "jetpack-paging-for-swiftui",
      "kind" : "remoteSourceControl",
      "location" : "https://github.com/hhp227/Jetpack-Paging-for-SwiftUI.git",
      "state" : {
        "branch" : "main",
        "revision" : "bd3c7c312d7a7c5c58f7af5d0afc66774c88176c"
      }
    }
  ],
  "version" : 3
}
